{
  "projects": [
    {
      "projectId": "seaQhLVS4bbjiGvJJrRwyL",
      "version": "15.0.3",
      "dependencies": {},
      "lang": "ts",
      "fileLocks": [
        {
          "assetId": "seaQhLVS4bbjiGvJJrRwyL",
          "type": "projectCss",
          "checksum": "26794d6f8d5173a48bf20eb6ded6dfc6"
        }
      ]
    },
    {
      "projectId": "hhYAirYt8bU9TEjNgFzExf",
      "version": "latest",
      "dependencies": {
        "seaQhLVS4bbjiGvJJrRwyL": "15.0.3"
      },
      "lang": "ts",
      "fileLocks": [
        {
          "type": "globalVariant",
          "assetId": "01lSGjai6pPg",
          "checksum": "82d0e8dd018b1a050a5a32f09489a56a"
        },
        {
          "type": "renderModule",
          "assetId": "27gvA1QUGfr",
          "checksum": "f839f92db83bdd699f6d431794442227"
        },
        {
          "type": "cssRules",
          "assetId": "27gvA1QUGfr",
          "checksum": "f839f92db83bdd699f6d431794442227"
        },
        {
          "type": "renderModule",
          "assetId": "aZ_J2rMYPrG",
          "checksum": "7dfef57ab5fdfc7a9eead9aadffef226"
        },
        {
          "type": "cssRules",
          "assetId": "aZ_J2rMYPrG",
          "checksum": "7dfef57ab5fdfc7a9eead9aadffef226"
        },
        {
          "type": "renderModule",
          "assetId": "tnj0d_eW4Ts",
          "checksum": "002a6cd806ee37afb56982f1191d6e5f"
        },
        {
          "type": "cssRules",
          "assetId": "tnj0d_eW4Ts",
          "checksum": "002a6cd806ee37afb56982f1191d6e5f"
        },
        {
          "type": "renderModule",
          "assetId": "05tCG29nEfK",
          "checksum": "b35f2442b406f57a0c43cae012a41dbb"
        },
        {
          "type": "cssRules",
          "assetId": "05tCG29nEfK",
          "checksum": "b35f2442b406f57a0c43cae012a41dbb"
        },
        {
          "type": "renderModule",
          "assetId": "qhKuHWsMEEf",
          "checksum": "b49106a1ed52bdde2f7f38e5e2215113"
        },
        {
          "type": "cssRules",
          "assetId": "qhKuHWsMEEf",
          "checksum": "b49106a1ed52bdde2f7f38e5e2215113"
        },
        {
          "type": "renderModule",
          "assetId": "AoqJDesXt_v",
          "checksum": "c60d7487510fb70f7ef2caf0f51b4c0c"
        },
        {
          "type": "cssRules",
          "assetId": "AoqJDesXt_v",
          "checksum": "c60d7487510fb70f7ef2caf0f51b4c0c"
        },
        {
          "type": "renderModule",
          "assetId": "uXYHN1Smh9Q",
          "checksum": "c78bcac3b31020780c4fc8fe733567d4"
        },
        {
          "type": "cssRules",
          "assetId": "uXYHN1Smh9Q",
          "checksum": "c78bcac3b31020780c4fc8fe733567d4"
        },
        {
          "type": "renderModule",
          "assetId": "qfSRxjwcOo8K",
          "checksum": "7356af6d937547da79ea7c895f81fda3"
        },
        {
          "type": "cssRules",
          "assetId": "qfSRxjwcOo8K",
          "checksum": "7356af6d937547da79ea7c895f81fda3"
        },
        {
          "type": "renderModule",
          "assetId": "olcIRrYgfE_V",
          "checksum": "90bd43a064c700a3d1318bfc499a0cfa"
        },
        {
          "type": "cssRules",
          "assetId": "olcIRrYgfE_V",
          "checksum": "90bd43a064c700a3d1318bfc499a0cfa"
        },
        {
          "type": "renderModule",
          "assetId": "c2y18IUjy7BA",
          "checksum": "b3daaf534a2fe80feb1b0c7da7f3871e"
        },
        {
          "type": "cssRules",
          "assetId": "c2y18IUjy7BA",
          "checksum": "b3daaf534a2fe80feb1b0c7da7f3871e"
        },
        {
          "type": "renderModule",
          "assetId": "pqYw2YQIp2Bj",
          "checksum": "2abcff979a557dda07c007dd01ed31f5"
        },
        {
          "type": "cssRules",
          "assetId": "pqYw2YQIp2Bj",
          "checksum": "2abcff979a557dda07c007dd01ed31f5"
        },
        {
          "type": "renderModule",
          "assetId": "6_bZ4KXsPl5_",
          "checksum": "a3ae87b5d946595e0f24ee72bb9d5bf6"
        },
        {
          "type": "cssRules",
          "assetId": "6_bZ4KXsPl5_",
          "checksum": "a3ae87b5d946595e0f24ee72bb9d5bf6"
        },
        {
          "type": "renderModule",
          "assetId": "MFvjeHLPw6vA",
          "checksum": "3c01c87aebf6d03316997aad125ef107"
        },
        {
          "type": "cssRules",
          "assetId": "MFvjeHLPw6vA",
          "checksum": "3c01c87aebf6d03316997aad125ef107"
        },
        {
          "type": "renderModule",
          "assetId": "5rxxWL398Orh",
          "checksum": "8b3f1e96156cd7a83beb84a8f97b341c"
        },
        {
          "type": "cssRules",
          "assetId": "5rxxWL398Orh",
          "checksum": "8b3f1e96156cd7a83beb84a8f97b341c"
        },
        {
          "type": "renderModule",
          "assetId": "xpx1dd3WX7GW",
          "checksum": "ac7916c85803515258f184d01b406376"
        },
        {
          "type": "cssRules",
          "assetId": "xpx1dd3WX7GW",
          "checksum": "ac7916c85803515258f184d01b406376"
        },
        {
          "type": "renderModule",
          "assetId": "Tz4a3lVI6CGf",
          "checksum": "6a086190f45fa61d561512bb52822d98"
        },
        {
          "type": "cssRules",
          "assetId": "Tz4a3lVI6CGf",
          "checksum": "6a086190f45fa61d561512bb52822d98"
        },
        {
          "type": "renderModule",
          "assetId": "mt8AYmIOquuF",
          "checksum": "0c66216d3a8b8e25b62aede884162d3f"
        },
        {
          "type": "cssRules",
          "assetId": "mt8AYmIOquuF",
          "checksum": "0c66216d3a8b8e25b62aede884162d3f"
        },
        {
          "type": "icon",
          "assetId": "t5eU7xypoObb",
          "checksum": "653a24654379fbe316011067d5be01bf"
        },
        {
          "type": "icon",
          "assetId": "Fcdq1Ejy4XxN",
          "checksum": "4c96bb7fc320c180212b942646f193c3"
        },
        {
          "type": "icon",
          "assetId": "hdLeuFLK2xdT",
          "checksum": "83d204295593eeb460b6a4ee6c2968a0"
        },
        {
          "type": "icon",
          "assetId": "w2kNC3zTGXKb",
          "checksum": "96c452e51c5341672b602ab96e78b5e4"
        },
        {
          "type": "icon",
          "assetId": "IBdwO7K4X226",
          "checksum": "5d52cced853eaf51e4f1ac82ffdbaf6b"
        },
        {
          "type": "icon",
          "assetId": "m7PScUG8ICOk",
          "checksum": "5934e27092ea705b7d46a0d343a52308"
        },
        {
          "type": "icon",
          "assetId": "f5W8LuYqDyl2",
          "checksum": "48e5b6b0056fd7d7c1189e90a3331d4a"
        },
        {
          "type": "icon",
          "assetId": "ZvTtjxYoOaFi",
          "checksum": "2110a3a3077fd1047a759e59899b7728"
        },
        {
          "type": "icon",
          "assetId": "Ow2lAYtI17fS",
          "checksum": "16667e9eb618af80e0db1d1cc2b73420"
        },
        {
          "type": "icon",
          "assetId": "UYcqQCUG5aJu",
          "checksum": "265143f47ea0dfeb31eaf7f0cec7bcb3"
        },
        {
          "type": "icon",
          "assetId": "_SP557JjCvZu",
          "checksum": "d1613bad9fd6b50bb21c9288f9b03650"
        },
        {
          "type": "icon",
          "assetId": "8urSW3zsoVIf",
          "checksum": "af2a96cffa61d51dc03f7c90a1af140e"
        },
        {
          "type": "icon",
          "assetId": "hZBvhC7zZTr0",
          "checksum": "9a3bd48db040dbd4b2fc7413375da324"
        },
        {
          "type": "icon",
          "assetId": "sRQ2cmFxpNjv",
          "checksum": "19f9e89f9984f4b7718dca2848de9f8a"
        },
        {
          "type": "icon",
          "assetId": "aos4xEgRa28Q",
          "checksum": "b546b349a0934465f3e224a4bdb3725c"
        },
        {
          "type": "icon",
          "assetId": "TFB9T0WIMP-S",
          "checksum": "53e30b626230225328120496b82fa34c"
        },
        {
          "type": "icon",
          "assetId": "fR_M5TpK_IAp",
          "checksum": "951386ec300b51af32ac41e9df65e7a6"
        },
        {
          "type": "icon",
          "assetId": "wruYgJ8FoWVC",
          "checksum": "43dbd88aab78defcaeaaf5a226ea9197"
        },
        {
          "type": "icon",
          "assetId": "ypOUYPtByDL1",
          "checksum": "e1c8fae0915226b6aa9efb2e9196fa10"
        },
        {
          "type": "icon",
          "assetId": "fRG7o45wBFgn",
          "checksum": "4e5d61e42669dfea9722af175529d454"
        },
        {
          "type": "icon",
          "assetId": "5jC4HENzcXyn",
          "checksum": "3e4e6dce11feb007cf2742750bf740f8"
        },
        {
          "type": "icon",
          "assetId": "234Oqlix5xbb",
          "checksum": "77707f8d29956def6c70f8479fa69a41"
        },
        {
          "type": "image",
          "assetId": "fAgLY6WquT-z",
          "checksum": "af0a8200c57e784c892b70fab5015ab4"
        },
        {
          "type": "image",
          "assetId": "lp2qLvqQwI4a",
          "checksum": "26d2ebe1eed75324e491ed39d614ae6a"
        },
        {
          "type": "image",
          "assetId": "SXmCoH9h7lB8",
          "checksum": "15ff4e3603251eba52261c71716a0dfb"
        },
        {
          "type": "image",
          "assetId": "8lFbuFMYYvuX",
          "checksum": "ea1ea9700525142ab637ef950ef9dd8f"
        },
        {
          "type": "image",
          "assetId": "govABzEk4CkZ",
          "checksum": "9aeeb0ec802d2f9a4be37f6ad637e3b0"
        },
        {
          "assetId": "hhYAirYt8bU9TEjNgFzExf",
          "type": "projectCss",
          "checksum": "040ede21acd0ab4d509a1af6cdab367c"
        },
        {
          "type": "renderModule",
          "assetId": "m8MF3DD_Un",
          "checksum": "347abf6dad37c7a8fffb6b8e31b42005"
        },
        {
          "type": "cssRules",
          "assetId": "m8MF3DD_Un",
          "checksum": "347abf6dad37c7a8fffb6b8e31b42005"
        },
        {
          "type": "icon",
          "assetId": "DxCDUHw3i3",
          "checksum": "2694a53e28383511d862aab80c514611"
        },
        {
          "type": "image",
          "assetId": "cwF7lym__",
          "checksum": "41bd102a5678ce6e1c1cc36b6830431c"
        },
        {
          "type": "image",
          "assetId": "Ov2qEcSmL",
          "checksum": "81deed8d21b09317aabfdf67db0ea003"
        },
        {
          "type": "image",
          "assetId": "Yzobj_f3_",
          "checksum": "661fe4a4d5f1c128a73aaaead32bd2ce"
        }
      ]
    }
  ],
  "cliVersion": "0.1.166"
}
